
Microsoft Visual Studio Solution File, Format Version 12.00
# Visual Studio 14
VisualStudioVersion = 14.0.24720.0
MinimumVisualStudioVersion = 10.0.40219.1
Project("{FAE04EC0-301F-11D3-BF4B-00C04F79EFBC}") = "Saitama.Core", "Saitama.Core\Saitama.Core.csproj", "{67E094AC-9E02-4328-B56B-004F7A7CDD6E}"
EndProject
Project("{2150E333-8FDC-42A3-9474-1A3956D46DE8}") = "Platform", "Platform", "{90505A2C-2647-402A-A65A-931BD03691EA}"
EndProject
Project("{FAE04EC0-301F-11D3-BF4B-00C04F79EFBC}") = "Saitama.Apple", "Saitama.Apple\Saitama.Apple.csproj", "{CD3F697A-9385-4D91-8502-41B49B8DA16C}"
EndProject
Global
	GlobalSection(SolutionConfigurationPlatforms) = preSolution
		Ad-Hoc|Any CPU = Ad-Hoc|Any CPU
		Ad-Hoc|iPhone = Ad-Hoc|iPhone
		Ad-Hoc|iPhoneSimulator = Ad-Hoc|iPhoneSimulator
		AppStore|Any CPU = AppStore|Any CPU
		AppStore|iPhone = AppStore|iPhone
		AppStore|iPhoneSimulator = AppStore|iPhoneSimulator
		Debug|Any CPU = Debug|Any CPU
		Debug|iPhone = Debug|iPhone
		Debug|iPhoneSimulator = Debug|iPhoneSimulator
		Release|Any CPU = Release|Any CPU
		Release|iPhone = Release|iPhone
		Release|iPhoneSimulator = Release|iPhoneSimulator
	EndGlobalSection
	GlobalSection(ProjectConfigurationPlatforms) = postSolution
		{67E094AC-9E02-4328-B56B-004F7A7CDD6E}.Ad-Hoc|Any CPU.ActiveCfg = Release|Any CPU
		{67E094AC-9E02-4328-B56B-004F7A7CDD6E}.Ad-Hoc|Any CPU.Build.0 = Release|Any CPU
		{67E094AC-9E02-4328-B56B-004F7A7CDD6E}.Ad-Hoc|iPhone.ActiveCfg = Release|Any CPU
		{67E094AC-9E02-4328-B56B-004F7A7CDD6E}.Ad-Hoc|iPhone.Build.0 = Release|Any CPU
		{67E094AC-9E02-4328-B56B-004F7A7CDD6E}.Ad-Hoc|iPhoneSimulator.ActiveCfg = Release|Any CPU
		{67E094AC-9E02-4328-B56B-004F7A7CDD6E}.Ad-Hoc|iPhoneSimulator.Build.0 = Release|Any CPU
		{67E094AC-9E02-4328-B56B-004F7A7CDD6E}.AppStore|Any CPU.ActiveCfg = Release|Any CPU
		{67E094AC-9E02-4328-B56B-004F7A7CDD6E}.AppStore|Any CPU.Build.0 = Release|Any CPU
		{67E094AC-9E02-4328-B56B-004F7A7CDD6E}.AppStore|iPhone.ActiveCfg = Release|Any CPU
		{67E094AC-9E02-4328-B56B-004F7A7CDD6E}.AppStore|iPhone.Build.0 = Release|Any CPU
		{67E094AC-9E02-4328-B56B-004F7A7CDD6E}.AppStore|iPhoneSimulator.ActiveCfg = Release|Any CPU
		{67E094AC-9E02-4328-B56B-004F7A7CDD6E}.AppStore|iPhoneSimulator.Build.0 = Release|Any CPU
		{67E094AC-9E02-4328-B56B-004F7A7CDD6E}.Debug|Any CPU.ActiveCfg = Debug|Any CPU
		{67E094AC-9E02-4328-B56B-004F7A7CDD6E}.Debug|Any CPU.Build.0 = Debug|Any CPU
		{67E094AC-9E02-4328-B56B-004F7A7CDD6E}.Debug|iPhone.ActiveCfg = Debug|Any CPU
		{67E094AC-9E02-4328-B56B-004F7A7CDD6E}.Debug|iPhone.Build.0 = Debug|Any CPU
		{67E094AC-9E02-4328-B56B-004F7A7CDD6E}.Debug|iPhoneSimulator.ActiveCfg = Debug|Any CPU
		{67E094AC-9E02-4328-B56B-004F7A7CDD6E}.Debug|iPhoneSimulator.Build.0 = Debug|Any CPU
		{67E094AC-9E02-4328-B56B-004F7A7CDD6E}.Release|Any CPU.ActiveCfg = Release|Any CPU
		{67E094AC-9E02-4328-B56B-004F7A7CDD6E}.Release|Any CPU.Build.0 = Release|Any CPU
		{67E094AC-9E02-4328-B56B-004F7A7CDD6E}.Release|iPhone.ActiveCfg = Release|Any CPU
		{67E094AC-9E02-4328-B56B-004F7A7CDD6E}.Release|iPhone.Build.0 = Release|Any CPU
		{67E094AC-9E02-4328-B56B-004F7A7CDD6E}.Release|iPhoneSimulator.ActiveCfg = Release|Any CPU
		{67E094AC-9E02-4328-B56B-004F7A7CDD6E}.Release|iPhoneSimulator.Build.0 = Release|Any CPU
		{CD3F697A-9385-4D91-8502-41B49B8DA16C}.Ad-Hoc|Any CPU.ActiveCfg = Ad-Hoc|iPhone
		{CD3F697A-9385-4D91-8502-41B49B8DA16C}.Ad-Hoc|iPhone.ActiveCfg = Ad-Hoc|iPhone
		{CD3F697A-9385-4D91-8502-41B49B8DA16C}.Ad-Hoc|iPhone.Build.0 = Ad-Hoc|iPhone
		{CD3F697A-9385-4D91-8502-41B49B8DA16C}.Ad-Hoc|iPhoneSimulator.ActiveCfg = Ad-Hoc|iPhoneSimulator
		{CD3F697A-9385-4D91-8502-41B49B8DA16C}.Ad-Hoc|iPhoneSimulator.Build.0 = Ad-Hoc|iPhoneSimulator
		{CD3F697A-9385-4D91-8502-41B49B8DA16C}.AppStore|Any CPU.ActiveCfg = AppStore|iPhone
		{CD3F697A-9385-4D91-8502-41B49B8DA16C}.AppStore|iPhone.ActiveCfg = AppStore|iPhone
		{CD3F697A-9385-4D91-8502-41B49B8DA16C}.AppStore|iPhone.Build.0 = AppStore|iPhone
		{CD3F697A-9385-4D91-8502-41B49B8DA16C}.AppStore|iPhoneSimulator.ActiveCfg = AppStore|iPhoneSimulator
		{CD3F697A-9385-4D91-8502-41B49B8DA16C}.AppStore|iPhoneSimulator.Build.0 = AppStore|iPhoneSimulator
		{CD3F697A-9385-4D91-8502-41B49B8DA16C}.Debug|Any CPU.ActiveCfg = Debug|iPhone
		{CD3F697A-9385-4D91-8502-41B49B8DA16C}.Debug|iPhone.ActiveCfg = Debug|iPhone
		{CD3F697A-9385-4D91-8502-41B49B8DA16C}.Debug|iPhone.Build.0 = Debug|iPhone
		{CD3F697A-9385-4D91-8502-41B49B8DA16C}.Debug|iPhoneSimulator.ActiveCfg = Debug|iPhoneSimulator
		{CD3F697A-9385-4D91-8502-41B49B8DA16C}.Debug|iPhoneSimulator.Build.0 = Debug|iPhoneSimulator
		{CD3F697A-9385-4D91-8502-41B49B8DA16C}.Release|Any CPU.ActiveCfg = Release|iPhone
		{CD3F697A-9385-4D91-8502-41B49B8DA16C}.Release|iPhone.ActiveCfg = Release|iPhone
		{CD3F697A-9385-4D91-8502-41B49B8DA16C}.Release|iPhone.Build.0 = Release|iPhone
		{CD3F697A-9385-4D91-8502-41B49B8DA16C}.Release|iPhoneSimulator.ActiveCfg = Release|iPhoneSimulator
		{CD3F697A-9385-4D91-8502-41B49B8DA16C}.Release|iPhoneSimulator.Build.0 = Release|iPhoneSimulator
	EndGlobalSection
	GlobalSection(SolutionProperties) = preSolution
		HideSolutionNode = FALSE
	EndGlobalSection
	GlobalSection(NestedProjects) = preSolution
		{CD3F697A-9385-4D91-8502-41B49B8DA16C} = {90505A2C-2647-402A-A65A-931BD03691EA}
	EndGlobalSection
EndGlobal
