
Microsoft Visual Studio Solution File, Format Version 12.00
# Visual Studio 14
VisualStudioVersion = 14.0.24720.0
MinimumVisualStudioVersion = 10.0.40219.1
Project("{FAE04EC0-301F-11D3-BF4B-00C04F79EFBC}") = "Saitama.Autofac", "Saitama.Autofac\Saitama.Autofac.csproj", "{8DD3C798-2CEA-45C2-9785-4621F8D92F4D}"
EndProject
Project("{FAE04EC0-301F-11D3-BF4B-00C04F79EFBC}") = "Saitama.Ninject", "Saitama.Ninject\Saitama.Ninject.csproj", "{BD0D8DB2-3602-47A2-B564-2627A7E4B51C}"
EndProject
Global
	GlobalSection(SolutionConfigurationPlatforms) = preSolution
		Debug|Any CPU = Debug|Any CPU
		Release|Any CPU = Release|Any CPU
	EndGlobalSection
	GlobalSection(ProjectConfigurationPlatforms) = postSolution
		{8DD3C798-2CEA-45C2-9785-4621F8D92F4D}.Debug|Any CPU.ActiveCfg = Debug|Any CPU
		{8DD3C798-2CEA-45C2-9785-4621F8D92F4D}.Debug|Any CPU.Build.0 = Debug|Any CPU
		{8DD3C798-2CEA-45C2-9785-4621F8D92F4D}.Release|Any CPU.ActiveCfg = Release|Any CPU
		{8DD3C798-2CEA-45C2-9785-4621F8D92F4D}.Release|Any CPU.Build.0 = Release|Any CPU
		{BD0D8DB2-3602-47A2-B564-2627A7E4B51C}.Debug|Any CPU.ActiveCfg = Debug|Any CPU
		{BD0D8DB2-3602-47A2-B564-2627A7E4B51C}.Debug|Any CPU.Build.0 = Debug|Any CPU
		{BD0D8DB2-3602-47A2-B564-2627A7E4B51C}.Release|Any CPU.ActiveCfg = Release|Any CPU
		{BD0D8DB2-3602-47A2-B564-2627A7E4B51C}.Release|Any CPU.Build.0 = Release|Any CPU
	EndGlobalSection
	GlobalSection(SolutionProperties) = preSolution
		HideSolutionNode = FALSE
	EndGlobalSection
EndGlobal
